// !$*UTF8*$!
{
	archiveVersion = 1;
	classes = {
	};
	objectVersion = 77;
	objects = {

/* Begin PBXBuildFile section */
		03C307C268BA7329DEC7B569 /* Atmosphere in Resources */ = {isa = PBXBuildFile; fileRef = 438F580F6A38C438AA58C7D7 /* Atmosphere */; };
		71BD5C3D0C578E002DBDA3C1 /* SwiftUIBridge in Frameworks */ = {isa = PBXBuildFile; productRef = 17AB183F48AD001EF6D1688D /* SwiftUIBridge */; };
		A0D6A8C1555C26F68FC8BB27 /* AtmosphereDeviceApp.swift in Sources */ = {isa = PBXBuildFile; fileRef = 1931E9C207176ACDCB1FD22B /* AtmosphereDeviceApp.swift */; };
/* End PBXBuildFile section */

/* Begin PBXFileReference section */
		1931E9C207176ACDCB1FD22B /* AtmosphereDeviceApp.swift */ = {isa = PBXFileReference; lastKnownFileType = sourcecode.swift; path = AtmosphereDeviceApp.swift; sourceTree = "<group>"; };
		438F580F6A38C438AA58C7D7 /* Atmosphere */ = {isa = PBXFileReference; lastKnownFileType = folder; name = Atmosphere; path = ../Atmosphere; sourceTree = SOURCE_ROOT; };
		9D1CEDCE1C9C3FDE984B2F63 /* 2026-07-08-swiftui-dynamic */ = {isa = PBXFileReference; lastKnownFileType = folder; name = "2026-07-08-swiftui-dynamic"; path = ../..; sourceTree = SOURCE_ROOT; };
		F71EAD2836A26B7CC863D640 /* AtmosphereDevice.app */ = {isa = PBXFileReference; includeInIndex = 0; lastKnownFileType = wrapper.application; path = AtmosphereDevice.app; sourceTree = BUILT_PRODUCTS_DIR; };
/* End PBXFileReference section */

/* Begin PBXFrameworksBuildPhase section */
		3D94FBF390FFF65E94598480 /* Frameworks */ = {
			isa = PBXFrameworksBuildPhase;
			buildActionMask = 2147483647;
			files = (
				71BD5C3D0C578E002DBDA3C1 /* SwiftUIBridge in Frameworks */,
			);
			runOnlyForDeploymentPostprocessing = 0;
		};
/* End PBXFrameworksBuildPhase section */

/* Begin PBXGroup section */
		4E4962921DED02D9CB7DFC30 = {
			isa = PBXGroup;
			children = (
				438F580F6A38C438AA58C7D7 /* Atmosphere */,
				9EB40B6C56116EA92F6B8899 /* App */,
				668D94088904981CB26D42DE /* Packages */,
				9C6CE1C01B1F023E4975F24E /* Products */,
			);
			sourceTree = "<group>";
		};
		668D94088904981CB26D42DE /* Packages */ = {
			isa = PBXGroup;
			children = (
				9D1CEDCE1C9C3FDE984B2F63 /* 2026-07-08-swiftui-dynamic */,
			);
			name = Packages;
			sourceTree = "<group>";
		};
		9C6CE1C01B1F023E4975F24E /* Products */ = {
			isa = PBXGroup;
			children = (
				F71EAD2836A26B7CC863D640 /* AtmosphereDevice.app */,
			);
			name = Products;
			sourceTree = "<group>";
		};
		9EB40B6C56116EA92F6B8899 /* App */ = {
			isa = PBXGroup;
			children = (
				1931E9C207176ACDCB1FD22B /* AtmosphereDeviceApp.swift */,
			);
			path = App;
			sourceTree = "<group>";
		};
/* End PBXGroup section */

/* Begin PBXNativeTarget section */
		C06A9B72D12D85F1FA5A574B /* AtmosphereDevice */ = {
			isa = PBXNativeTarget;
			buildConfigurationList = FEE88C192CEDD8E842C85FDB /* Build configuration list for PBXNativeTarget "AtmosphereDevice" */;
			buildPhases = (
				1831A533462B36B04CC6F812 /* Sources */,
				07F0C0351407A1D70881448C /* Resources */,
				3D94FBF390FFF65E94598480 /* Frameworks */,
			);
			buildRules = (
			);
			dependencies = (
			);
			name = AtmosphereDevice;
			packageProductDependencies = (
				17AB183F48AD001EF6D1688D /* SwiftUIBridge */,
			);
			productName = AtmosphereDevice;
			productReference = F71EAD2836A26B7CC863D640 /* AtmosphereDevice.app */;
			productType = "com.apple.product-type.application";
		};
/* End PBXNativeTarget section */

/* Begin PBXProject section */
		0DA685CD71A826529C625EE2 /* Project object */ = {
			isa = PBXProject;
			attributes = {
				BuildIndependentTargetsInParallel = YES;
				LastUpgradeCheck = 1430;
				TargetAttributes = {
					C06A9B72D12D85F1FA5A574B = {
						DevelopmentTeam = H8QG3CBM96;
						ProvisioningStyle = Automatic;
					};
				};
			};
			buildConfigurationList = 87067EDFE071A460521D8001 /* Build configuration list for PBXProject "AtmosphereDevice" */;
			developmentRegion = en;
			hasScannedForEncodings = 0;
			knownRegions = (
				Base,
				en,
			);
			mainGroup = 4E4962921DED02D9CB7DFC30;
			minimizedProjectReferenceProxies = 1;
			packageReferences = (
				87672B53EA8165CAFDE97BF8 /* XCLocalSwiftPackageReference "../.." */,
			);
			preferredProjectObjectVersion = 77;
			productRefGroup = 9C6CE1C01B1F023E4975F24E /* Products */;
			projectDirPath = "";
			projectRoot = "";
			targets = (
				C06A9B72D12D85F1FA5A574B /* AtmosphereDevice */,
			);
		};
/* End PBXProject section */

/* Begin PBXResourcesBuildPhase section */
		07F0C0351407A1D70881448C /* Resources */ = {
			isa = PBXResourcesBuildPhase;
			buildActionMask = 2147483647;
			files = (
				03C307C268BA7329DEC7B569 /* Atmosphere in Resources */,
			);
			runOnlyForDeploymentPostprocessing = 0;
		};
/* End PBXResourcesBuildPhase section */

/* Begin PBXSourcesBuildPhase section */
		1831A533462B36B04CC6F812 /* Sources */ = {
			isa = PBXSourcesBuildPhase;
			buildActionMask = 2147483647;
			files = (
				A0D6A8C1555C26F68FC8BB27 /* AtmosphereDeviceApp.swift in Sources */,
			);
			runOnlyForDeploymentPostprocessing = 0;
		};
/* End PBXSourcesBuildPhase section */

/* Begin XCBuildConfiguration section */
		55E863BCECBA0809648333F9 /* Debug */ = {
			isa = XCBuildConfiguration;
			buildSettings = {
				ALWAYS_SEARCH_USER_PATHS = NO;
				CLANG_ANALYZER_NONNULL = YES;
				CLANG_ANALYZER_NUMBER_OBJECT_CONVERSION = YES_AGGRESSIVE;
				CLANG_CXX_LANGUAGE_STANDARD = "gnu++14";
				CLANG_CXX_LIBRARY = "libc++";
				CLANG_ENABLE_MODULES = YES;
				CLANG_ENABLE_OBJC_ARC = YES;
				CLANG_ENABLE_OBJC_WEAK = YES;
				CLANG_WARN_BLOCK_CAPTURE_AUTORELEASING = YES;
				CLANG_WARN_BOOL_CONVERSION = YES;
				CLANG_WARN_COMMA = YES;
				CLANG_WARN_CONSTANT_CONVERSION = YES;
				CLANG_WARN_DEPRECATED_OBJC_IMPLEMENTATIONS = YES;
				CLANG_WARN_DIRECT_OBJC_ISA_USAGE = YES_ERROR;
				CLANG_WARN_DOCUMENTATION_COMMENTS = YES;
				CLANG_WARN_EMPTY_BODY = YES;
				CLANG_WARN_ENUM_CONVERSION = YES;
				CLANG_WARN_INFINITE_RECURSION = YES;
				CLANG_WARN_INT_CONVERSION = YES;
				CLANG_WARN_NON_LITERAL_NULL_CONVERSION = YES;
				CLANG_WARN_OBJC_IMPLICIT_RETAIN_SELF = YES;
				CLANG_WARN_OBJC_LITERAL_CONVERSION = YES;
				CLANG_WARN_OBJC_ROOT_CLASS = YES_ERROR;
				CLANG_WARN_QUOTED_INCLUDE_IN_FRAMEWORK_HEADER = YES;
				CLANG_WARN_RANGE_LOOP_ANALYSIS = YES;
				CLANG_WARN_STRICT_PROTOTYPES = YES;
				CLANG_WARN_SUSPICIOUS_MOVE = YES;
				CLANG_WARN_UNGUARDED_AVAILABILITY = YES_AGGRESSIVE;
				CLANG_WARN_UNREACHABLE_CODE = YES;
				CLANG_WARN__DUPLICATE_METHOD_MATCH = YES;
				COPY_PHASE_STRIP = NO;
				DEBUG_INFORMATION_FORMAT = dwarf;
				ENABLE_STRICT_OBJC_MSGSEND = YES;
				ENABLE_TESTABILITY = YES;
				GCC_C_LANGUAGE_STANDARD = gnu11;
				GCC_DYNAMIC_NO_PIC = NO;
				GCC_NO_COMMON_BLOCKS = YES;
				GCC_OPTIMIZATION_LEVEL = 0;
				GCC_PREPROCESSOR_DEFINITIONS = (
					"$(inherited)",
					"DEBUG=1",
				);
				GCC_WARN_64_TO_32_BIT_CONVERSION = YES;
				GCC_WARN_ABOUT_RETURN_TYPE = YES_ERROR;
				GCC_WARN_UNDECLARED_SELECTOR = YES;
				GCC_WARN_UNINITIALIZED_AUTOS = YES_AGGRESSIVE;
				GCC_WARN_UNUSED_FUNCTION = YES;
				GCC_WARN_UNUSED_VARIABLE = YES;
				IPHONEOS_DEPLOYMENT_TARGET = 18.0;
				MTL_ENABLE_DEBUG_INFO = INCLUDE_SOURCE;
				MTL_FAST_MATH = YES;
				ONLY_ACTIVE_ARCH = YES;
				PRODUCT_NAME = "$(TARGET_NAME)";
				SDKROOT = iphoneos;
				SWIFT_ACTIVE_COMPILATION_CONDITIONS = DEBUG;
				SWIFT_OPTIMIZATION_LEVEL = "-Onone";
				SWIFT_VERSION = 5.0;
			};
			name = Debug;
		};
		9263FF01EF89F8F7DD0423B5 /* Debug */ = {
			isa = XCBuildConfiguration;
			buildSettings = {
				ASSETCATALOG_COMPILER_APPICON_NAME = AppIcon;
				CODE_SIGN_IDENTITY = "iPhone Developer";
				CODE_SIGN_STYLE = Automatic;
				DEVELOPMENT_TEAM = H8QG3CBM96;
				GENERATE_INFOPLIST_FILE = YES;
				INFOPLIST_KEY_CFBundleDisplayName = Atmosphere;
				INFOPLIST_KEY_UILaunchScreen_Generation = YES;
				LD_RUNPATH_SEARCH_PATHS = (
					"$(inherited)",
					"@executable_path/Frameworks",
				);
				PRODUCT_BUNDLE_IDENTIFIER = "dev.dynamic-swiftui.atmosphere";
				SDKROOT = iphoneos;
				SWIFT_VERSION = 6.0;
				TARGETED_DEVICE_FAMILY = 1;
			};
			name = Debug;
		};
		A064EC822B9E33325FD4AF0D /* Release */ = {
			isa = XCBuildConfiguration;
			buildSettings = {
				ASSETCATALOG_COMPILER_APPICON_NAME = AppIcon;
				CODE_SIGN_IDENTITY = "iPhone Developer";
				CODE_SIGN_STYLE = Automatic;
				DEVELOPMENT_TEAM = H8QG3CBM96;
				GENERATE_INFOPLIST_FILE = YES;
				INFOPLIST_KEY_CFBundleDisplayName = Atmosphere;
				INFOPLIST_KEY_UILaunchScreen_Generation = YES;
				LD_RUNPATH_SEARCH_PATHS = (
					"$(inherited)",
					"@executable_path/Frameworks",
				);
				PRODUCT_BUNDLE_IDENTIFIER = "dev.dynamic-swiftui.atmosphere";
				SDKROOT = iphoneos;
				SWIFT_VERSION = 6.0;
				TARGETED_DEVICE_FAMILY = 1;
			};
			name = Release;
		};
		FD95B708981E55B36764B590 /* Release */ = {
			isa = XCBuildConfiguration;
			buildSettings = {
				ALWAYS_SEARCH_USER_PATHS = NO;
				CLANG_ANALYZER_NONNULL = YES;
				CLANG_ANALYZER_NUMBER_OBJECT_CONVERSION = YES_AGGRESSIVE;
				CLANG_CXX_LANGUAGE_STANDARD = "gnu++14";
				CLANG_CXX_LIBRARY = "libc++";
				CLANG_ENABLE_MODULES = YES;
				CLANG_ENABLE_OBJC_ARC = YES;
				CLANG_ENABLE_OBJC_WEAK = YES;
				CLANG_WARN_BLOCK_CAPTURE_AUTORELEASING = YES;
				CLANG_WARN_BOOL_CONVERSION = YES;
				CLANG_WARN_COMMA = YES;
				CLANG_WARN_CONSTANT_CONVERSION = YES;
				CLANG_WARN_DEPRECATED_OBJC_IMPLEMENTATIONS = YES;
				CLANG_WARN_DIRECT_OBJC_ISA_USAGE = YES_ERROR;
				CLANG_WARN_DOCUMENTATION_COMMENTS = YES;
				CLANG_WARN_EMPTY_BODY = YES;
				CLANG_WARN_ENUM_CONVERSION = YES;
				CLANG_WARN_INFINITE_RECURSION = YES;
				CLANG_WARN_INT_CONVERSION = YES;
				CLANG_WARN_NON_LITERAL_NULL_CONVERSION = YES;
				CLANG_WARN_OBJC_IMPLICIT_RETAIN_SELF = YES;
				CLANG_WARN_OBJC_LITERAL_CONVERSION = YES;
				CLANG_WARN_OBJC_ROOT_CLASS = YES_ERROR;
				CLANG_WARN_QUOTED_INCLUDE_IN_FRAMEWORK_HEADER = YES;
				CLANG_WARN_RANGE_LOOP_ANALYSIS = YES;
				CLANG_WARN_STRICT_PROTOTYPES = YES;
				CLANG_WARN_SUSPICIOUS_MOVE = YES;
				CLANG_WARN_UNGUARDED_AVAILABILITY = YES_AGGRESSIVE;
				CLANG_WARN_UNREACHABLE_CODE = YES;
				CLANG_WARN__DUPLICATE_METHOD_MATCH = YES;
				COPY_PHASE_STRIP = NO;
				DEBUG_INFORMATION_FORMAT = "dwarf-with-dsym";
				ENABLE_NS_ASSERTIONS = NO;
				ENABLE_STRICT_OBJC_MSGSEND = YES;
				GCC_C_LANGUAGE_STANDARD = gnu11;
				GCC_NO_COMMON_BLOCKS = YES;
				GCC_WARN_64_TO_32_BIT_CONVERSION = YES;
				GCC_WARN_ABOUT_RETURN_TYPE = YES_ERROR;
				GCC_WARN_UNDECLARED_SELECTOR = YES;
				GCC_WARN_UNINITIALIZED_AUTOS = YES_AGGRESSIVE;
				GCC_WARN_UNUSED_FUNCTION = YES;
				GCC_WARN_UNUSED_VARIABLE = YES;
				IPHONEOS_DEPLOYMENT_TARGET = 18.0;
				MTL_ENABLE_DEBUG_INFO = NO;
				MTL_FAST_MATH = YES;
				PRODUCT_NAME = "$(TARGET_NAME)";
				SDKROOT = iphoneos;
				SWIFT_COMPILATION_MODE = wholemodule;
				SWIFT_OPTIMIZATION_LEVEL = "-O";
				SWIFT_VERSION = 5.0;
			};
			name = Release;
		};
/* End XCBuildConfiguration section */

/* Begin XCConfigurationList section */
		87067EDFE071A460521D8001 /* Build configuration list for PBXProject "AtmosphereDevice" */ = {
			isa = XCConfigurationList;
			buildConfigurations = (
				55E863BCECBA0809648333F9 /* Debug */,
				FD95B708981E55B36764B590 /* Release */,
			);
			defaultConfigurationIsVisible = 0;
			defaultConfigurationName = Debug;
		};
		FEE88C192CEDD8E842C85FDB /* Build configuration list for PBXNativeTarget "AtmosphereDevice" */ = {
			isa = XCConfigurationList;
			buildConfigurations = (
				9263FF01EF89F8F7DD0423B5 /* Debug */,
				A064EC822B9E33325FD4AF0D /* Release */,
			);
			defaultConfigurationIsVisible = 0;
			defaultConfigurationName = Debug;
		};
/* End XCConfigurationList section */

/* Begin XCLocalSwiftPackageReference section */
		87672B53EA8165CAFDE97BF8 /* XCLocalSwiftPackageReference "../.." */ = {
			isa = XCLocalSwiftPackageReference;
			relativePath = ../..;
		};
/* End XCLocalSwiftPackageReference section */

/* Begin XCSwiftPackageProductDependency section */
		17AB183F48AD001EF6D1688D /* SwiftUIBridge */ = {
			isa = XCSwiftPackageProductDependency;
			productName = SwiftUIBridge;
		};
/* End XCSwiftPackageProductDependency section */
	};
	rootObject = 0DA685CD71A826529C625EE2 /* Project object */;
}
